
Microsoft Visual Studio Solution File, Format Version 12.00
# Visual Studio Version 17
VisualStudioVersion = 17.0.31903.59
MinimumVisualStudioVersion = 10.0.40219.1
Project("{2150E333-8FDC-42A3-9474-1A3956D46DE8}") = "src", "src", "{827E0CD3-B72D-47B6-A68D-7590B98EB39B}"
EndProject
Project("{FAE04EC0-301F-11D3-BF4B-00C04F79EFBC}") = "Clever.TokenMap.App", "src\Clever.TokenMap.App\Clever.TokenMap.App.csproj", "{2658CBF2-9311-4CEA-8493-DA83141F611A}"
EndProject
Project("{FAE04EC0-301F-11D3-BF4B-00C04F79EFBC}") = "Clever.TokenMap.Treemap", "src\Clever.TokenMap.Treemap\Clever.TokenMap.Treemap.csproj", "{C5EBB2F3-B371-49B8-9EA6-5BA58F37FA43}"
EndProject
Project("{FAE04EC0-301F-11D3-BF4B-00C04F79EFBC}") = "Clever.TokenMap.Core", "src\Clever.TokenMap.Core\Clever.TokenMap.Core.csproj", "{995017A0-4EFF-4D42-B9E0-F2B69DA3830D}"
EndProject
Project("{FAE04EC0-301F-11D3-BF4B-00C04F79EFBC}") = "Clever.TokenMap.Infrastructure", "src\Clever.TokenMap.Infrastructure\Clever.TokenMap.Infrastructure.csproj", "{4D70049D-714C-4C1B-8342-C3A6A401F360}"
EndProject
Project("{2150E333-8FDC-42A3-9474-1A3956D46DE8}") = "tests", "tests", "{0AB3BF05-4346-4AA6-1389-037BE0695223}"
EndProject
Project("{FAE04EC0-301F-11D3-BF4B-00C04F79EFBC}") = "Clever.TokenMap.Core.Tests", "tests\Clever.TokenMap.Core.Tests\Clever.TokenMap.Core.Tests.csproj", "{A3BA11E6-24A8-49AE-AF32-3899F0CAC452}"
EndProject
Project("{FAE04EC0-301F-11D3-BF4B-00C04F79EFBC}") = "Clever.TokenMap.HeadlessTests", "tests\Clever.TokenMap.HeadlessTests\Clever.TokenMap.HeadlessTests.csproj", "{F592D27E-A6EF-48E1-A36A-5369EBCF8105}"
EndProject
Global
	GlobalSection(SolutionConfigurationPlatforms) = preSolution
		Debug|Any CPU = Debug|Any CPU
		Debug|x64 = Debug|x64
		Debug|x86 = Debug|x86
		Release|Any CPU = Release|Any CPU
		Release|x64 = Release|x64
		Release|x86 = Release|x86
	EndGlobalSection
	GlobalSection(ProjectConfigurationPlatforms) = postSolution
		{2658CBF2-9311-4CEA-8493-DA83141F611A}.Debug|Any CPU.ActiveCfg = Debug|Any CPU
		{2658CBF2-9311-4CEA-8493-DA83141F611A}.Debug|Any CPU.Build.0 = Debug|Any CPU
		{2658CBF2-9311-4CEA-8493-DA83141F611A}.Debug|x64.ActiveCfg = Debug|Any CPU
		{2658CBF2-9311-4CEA-8493-DA83141F611A}.Debug|x64.Build.0 = Debug|Any CPU
		{2658CBF2-9311-4CEA-8493-DA83141F611A}.Debug|x86.ActiveCfg = Debug|Any CPU
		{2658CBF2-9311-4CEA-8493-DA83141F611A}.Debug|x86.Build.0 = Debug|Any CPU
		{2658CBF2-9311-4CEA-8493-DA83141F611A}.Release|Any CPU.ActiveCfg = Release|Any CPU
		{2658CBF2-9311-4CEA-8493-DA83141F611A}.Release|Any CPU.Build.0 = Release|Any CPU
		{2658CBF2-9311-4CEA-8493-DA83141F611A}.Release|x64.ActiveCfg = Release|Any CPU
		{2658CBF2-9311-4CEA-8493-DA83141F611A}.Release|x64.Build.0 = Release|Any CPU
		{2658CBF2-9311-4CEA-8493-DA83141F611A}.Release|x86.ActiveCfg = Release|Any CPU
		{2658CBF2-9311-4CEA-8493-DA83141F611A}.Release|x86.Build.0 = Release|Any CPU
		{C5EBB2F3-B371-49B8-9EA6-5BA58F37FA43}.Debug|Any CPU.ActiveCfg = Debug|Any CPU
		{C5EBB2F3-B371-49B8-9EA6-5BA58F37FA43}.Debug|Any CPU.Build.0 = Debug|Any CPU
		{C5EBB2F3-B371-49B8-9EA6-5BA58F37FA43}.Debug|x64.ActiveCfg = Debug|Any CPU
		{C5EBB2F3-B371-49B8-9EA6-5BA58F37FA43}.Debug|x64.Build.0 = Debug|Any CPU
		{C5EBB2F3-B371-49B8-9EA6-5BA58F37FA43}.Debug|x86.ActiveCfg = Debug|Any CPU
		{C5EBB2F3-B371-49B8-9EA6-5BA58F37FA43}.Debug|x86.Build.0 = Debug|Any CPU
		{C5EBB2F3-B371-49B8-9EA6-5BA58F37FA43}.Release|Any CPU.ActiveCfg = Release|Any CPU
		{C5EBB2F3-B371-49B8-9EA6-5BA58F37FA43}.Release|Any CPU.Build.0 = Release|Any CPU
		{C5EBB2F3-B371-49B8-9EA6-5BA58F37FA43}.Release|x64.ActiveCfg = Release|Any CPU
		{C5EBB2F3-B371-49B8-9EA6-5BA58F37FA43}.Release|x64.Build.0 = Release|Any CPU
		{C5EBB2F3-B371-49B8-9EA6-5BA58F37FA43}.Release|x86.ActiveCfg = Release|Any CPU
		{C5EBB2F3-B371-49B8-9EA6-5BA58F37FA43}.Release|x86.Build.0 = Release|Any CPU
		{995017A0-4EFF-4D42-B9E0-F2B69DA3830D}.Debug|Any CPU.ActiveCfg = Debug|Any CPU
		{995017A0-4EFF-4D42-B9E0-F2B69DA3830D}.Debug|Any CPU.Build.0 = Debug|Any CPU
		{995017A0-4EFF-4D42-B9E0-F2B69DA3830D}.Debug|x64.ActiveCfg = Debug|Any CPU
		{995017A0-4EFF-4D42-B9E0-F2B69DA3830D}.Debug|x64.Build.0 = Debug|Any CPU
		{995017A0-4EFF-4D42-B9E0-F2B69DA3830D}.Debug|x86.ActiveCfg = Debug|Any CPU
		{995017A0-4EFF-4D42-B9E0-F2B69DA3830D}.Debug|x86.Build.0 = Debug|Any CPU
		{995017A0-4EFF-4D42-B9E0-F2B69DA3830D}.Release|Any CPU.ActiveCfg = Release|Any CPU
		{995017A0-4EFF-4D42-B9E0-F2B69DA3830D}.Release|Any CPU.Build.0 = Release|Any CPU
		{995017A0-4EFF-4D42-B9E0-F2B69DA3830D}.Release|x64.ActiveCfg = Release|Any CPU
		{995017A0-4EFF-4D42-B9E0-F2B69DA3830D}.Release|x64.Build.0 = Release|Any CPU
		{995017A0-4EFF-4D42-B9E0-F2B69DA3830D}.Release|x86.ActiveCfg = Release|Any CPU
		{995017A0-4EFF-4D42-B9E0-F2B69DA3830D}.Release|x86.Build.0 = Release|Any CPU
		{4D70049D-714C-4C1B-8342-C3A6A401F360}.Debug|Any CPU.ActiveCfg = Debug|Any CPU
		{4D70049D-714C-4C1B-8342-C3A6A401F360}.Debug|Any CPU.Build.0 = Debug|Any CPU
		{4D70049D-714C-4C1B-8342-C3A6A401F360}.Debug|x64.ActiveCfg = Debug|Any CPU
		{4D70049D-714C-4C1B-8342-C3A6A401F360}.Debug|x64.Build.0 = Debug|Any CPU
		{4D70049D-714C-4C1B-8342-C3A6A401F360}.Debug|x86.ActiveCfg = Debug|Any CPU
		{4D70049D-714C-4C1B-8342-C3A6A401F360}.Debug|x86.Build.0 = Debug|Any CPU
		{4D70049D-714C-4C1B-8342-C3A6A401F360}.Release|Any CPU.ActiveCfg = Release|Any CPU
		{4D70049D-714C-4C1B-8342-C3A6A401F360}.Release|Any CPU.Build.0 = Release|Any CPU
		{4D70049D-714C-4C1B-8342-C3A6A401F360}.Release|x64.ActiveCfg = Release|Any CPU
		{4D70049D-714C-4C1B-8342-C3A6A401F360}.Release|x64.Build.0 = Release|Any CPU
		{4D70049D-714C-4C1B-8342-C3A6A401F360}.Release|x86.ActiveCfg = Release|Any CPU
		{4D70049D-714C-4C1B-8342-C3A6A401F360}.Release|x86.Build.0 = Release|Any CPU
		{A3BA11E6-24A8-49AE-AF32-3899F0CAC452}.Debug|Any CPU.ActiveCfg = Debug|Any CPU
		{A3BA11E6-24A8-49AE-AF32-3899F0CAC452}.Debug|Any CPU.Build.0 = Debug|Any CPU
		{A3BA11E6-24A8-49AE-AF32-3899F0CAC452}.Debug|x64.ActiveCfg = Debug|Any CPU
		{A3BA11E6-24A8-49AE-AF32-3899F0CAC452}.Debug|x64.Build.0 = Debug|Any CPU
		{A3BA11E6-24A8-49AE-AF32-3899F0CAC452}.Debug|x86.ActiveCfg = Debug|Any CPU
		{A3BA11E6-24A8-49AE-AF32-3899F0CAC452}.Debug|x86.Build.0 = Debug|Any CPU
		{A3BA11E6-24A8-49AE-AF32-3899F0CAC452}.Release|Any CPU.ActiveCfg = Release|Any CPU
		{A3BA11E6-24A8-49AE-AF32-3899F0CAC452}.Release|Any CPU.Build.0 = Release|Any CPU
		{A3BA11E6-24A8-49AE-AF32-3899F0CAC452}.Release|x64.ActiveCfg = Release|Any CPU
		{A3BA11E6-24A8-49AE-AF32-3899F0CAC452}.Release|x64.Build.0 = Release|Any CPU
		{A3BA11E6-24A8-49AE-AF32-3899F0CAC452}.Release|x86.ActiveCfg = Release|Any CPU
		{A3BA11E6-24A8-49AE-AF32-3899F0CAC452}.Release|x86.Build.0 = Release|Any CPU
		{F592D27E-A6EF-48E1-A36A-5369EBCF8105}.Debug|Any CPU.ActiveCfg = Debug|Any CPU
		{F592D27E-A6EF-48E1-A36A-5369EBCF8105}.Debug|Any CPU.Build.0 = Debug|Any CPU
		{F592D27E-A6EF-48E1-A36A-5369EBCF8105}.Debug|x64.ActiveCfg = Debug|Any CPU
		{F592D27E-A6EF-48E1-A36A-5369EBCF8105}.Debug|x64.Build.0 = Debug|Any CPU
		{F592D27E-A6EF-48E1-A36A-5369EBCF8105}.Debug|x86.ActiveCfg = Debug|Any CPU
		{F592D27E-A6EF-48E1-A36A-5369EBCF8105}.Debug|x86.Build.0 = Debug|Any CPU
		{F592D27E-A6EF-48E1-A36A-5369EBCF8105}.Release|Any CPU.ActiveCfg = Release|Any CPU
		{F592D27E-A6EF-48E1-A36A-5369EBCF8105}.Release|Any CPU.Build.0 = Release|Any CPU
		{F592D27E-A6EF-48E1-A36A-5369EBCF8105}.Release|x64.ActiveCfg = Release|Any CPU
		{F592D27E-A6EF-48E1-A36A-5369EBCF8105}.Release|x64.Build.0 = Release|Any CPU
		{F592D27E-A6EF-48E1-A36A-5369EBCF8105}.Release|x86.ActiveCfg = Release|Any CPU
		{F592D27E-A6EF-48E1-A36A-5369EBCF8105}.Release|x86.Build.0 = Release|Any CPU
	EndGlobalSection
	GlobalSection(SolutionProperties) = preSolution
		HideSolutionNode = FALSE
	EndGlobalSection
	GlobalSection(NestedProjects) = preSolution
		{2658CBF2-9311-4CEA-8493-DA83141F611A} = {827E0CD3-B72D-47B6-A68D-7590B98EB39B}
		{C5EBB2F3-B371-49B8-9EA6-5BA58F37FA43} = {827E0CD3-B72D-47B6-A68D-7590B98EB39B}
		{995017A0-4EFF-4D42-B9E0-F2B69DA3830D} = {827E0CD3-B72D-47B6-A68D-7590B98EB39B}
		{4D70049D-714C-4C1B-8342-C3A6A401F360} = {827E0CD3-B72D-47B6-A68D-7590B98EB39B}
		{A3BA11E6-24A8-49AE-AF32-3899F0CAC452} = {0AB3BF05-4346-4AA6-1389-037BE0695223}
		{F592D27E-A6EF-48E1-A36A-5369EBCF8105} = {0AB3BF05-4346-4AA6-1389-037BE0695223}
	EndGlobalSection
EndGlobal

