
Microsoft Visual Studio Solution File, Format Version 12.00
# Visual Studio Version 17
VisualStudioVersion = 17.0.31903.59
MinimumVisualStudioVersion = 10.0.40219.1
Project("{2150E333-8FDC-42A3-9474-1A3956D46DE8}") = "src", "src", "{827E0CD3-B72D-47B6-A68D-7590B98EB39B}"
EndProject
Project("{FAE04EC0-301F-11D3-BF4B-00C04F79EFBC}") = "Clever.TokenMap.App", "src\Clever.TokenMap.App\Clever.TokenMap.App.csproj", "{2658CBF2-9311-4CEA-8493-DA83141F611A}"
EndProject
Project("{FAE04EC0-301F-11D3-BF4B-00C04F79EFBC}") = "Clever.TokenMap.Treemap", "src\Clever.TokenMap.Treemap\Clever.TokenMap.Treemap.csproj", "{C5EBB2F3-B371-49B8-9EA6-5BA58F37FA43}"
EndProject
Project("{FAE04EC0-301F-11D3-BF4B-00C04F79EFBC}") = "Clever.TokenMap.Core", "src\Clever.TokenMap.Core\Clever.TokenMap.Core.csproj", "{995017A0-4EFF-4D42-B9E0-F2B69DA3830D}"
EndProject
Project("{FAE04EC0-301F-11D3-BF4B-00C04F79EFBC}") = "Clever.TokenMap.Infrastructure", "src\Clever.TokenMap.Infrastructure\Clever.TokenMap.Infrastructure.csproj", "{4D70049D-714C-4C1B-8342-C3A6A401F360}"
EndProject
Project("{2150E333-8FDC-42A3-9474-1A3956D46DE8}") = "tests", "tests", "{0AB3BF05-4346-4AA6-1389-037BE0695223}"
EndProject
Project("{FAE04EC0-301F-11D3-BF4B-00C04F79EFBC}") = "Clever.TokenMap.Tests", "tests\Clever.TokenMap.Tests\Clever.TokenMap.Tests.csproj", "{12159D0B-C158-411E-9851-0A6D883C41C3}"
EndProject
Project("{2150E333-8FDC-42A3-9474-1A3956D46DE8}") = "tools", "tools", "{07C2787E-EAC7-C090-1BA3-A61EC2A24D84}"
EndProject
Project("{FAE04EC0-301F-11D3-BF4B-00C04F79EFBC}") = "Clever.TokenMap.VisualHarness", "tools\Clever.TokenMap.VisualHarness\Clever.TokenMap.VisualHarness.csproj", "{D0AC8B6C-B882-43C2-83DA-D723A3921C56}"
EndProject
Project("{FAE04EC0-301F-11D3-BF4B-00C04F79EFBC}") = "Clever.TokenMap.Metrics", "src\Clever.TokenMap.Metrics\Clever.TokenMap.Metrics.csproj", "{C532ABB7-DB67-4BB8-9D86-BB580207F8B0}"
EndProject
Global
	GlobalSection(SolutionConfigurationPlatforms) = preSolution
		Debug|Any CPU = Debug|Any CPU
		Debug|x64 = Debug|x64
		Debug|x86 = Debug|x86
		Release|Any CPU = Release|Any CPU
		Release|x64 = Release|x64
		Release|x86 = Release|x86
	EndGlobalSection
	GlobalSection(ProjectConfigurationPlatforms) = postSolution
		{2658CBF2-9311-4CEA-8493-DA83141F611A}.Debug|Any CPU.ActiveCfg = Debug|Any CPU
		{2658CBF2-9311-4CEA-8493-DA83141F611A}.Debug|Any CPU.Build.0 = Debug|Any CPU
		{2658CBF2-9311-4CEA-8493-DA83141F611A}.Debug|x64.ActiveCfg = Debug|Any CPU
		{2658CBF2-9311-4CEA-8493-DA83141F611A}.Debug|x64.Build.0 = Debug|Any CPU
		{2658CBF2-9311-4CEA-8493-DA83141F611A}.Debug|x86.ActiveCfg = Debug|Any CPU
		{2658CBF2-9311-4CEA-8493-DA83141F611A}.Debug|x86.Build.0 = Debug|Any CPU
		{2658CBF2-9311-4CEA-8493-DA83141F611A}.Release|Any CPU.ActiveCfg = Release|Any CPU
		{2658CBF2-9311-4CEA-8493-DA83141F611A}.Release|Any CPU.Build.0 = Release|Any CPU
		{2658CBF2-9311-4CEA-8493-DA83141F611A}.Release|x64.ActiveCfg = Release|Any CPU
		{2658CBF2-9311-4CEA-8493-DA83141F611A}.Release|x64.Build.0 = Release|Any CPU
		{2658CBF2-9311-4CEA-8493-DA83141F611A}.Release|x86.ActiveCfg = Release|Any CPU
		{2658CBF2-9311-4CEA-8493-DA83141F611A}.Release|x86.Build.0 = Release|Any CPU
		{C5EBB2F3-B371-49B8-9EA6-5BA58F37FA43}.Debug|Any CPU.ActiveCfg = Debug|Any CPU
		{C5EBB2F3-B371-49B8-9EA6-5BA58F37FA43}.Debug|Any CPU.Build.0 = Debug|Any CPU
		{C5EBB2F3-B371-49B8-9EA6-5BA58F37FA43}.Debug|x64.ActiveCfg = Debug|Any CPU
		{C5EBB2F3-B371-49B8-9EA6-5BA58F37FA43}.Debug|x64.Build.0 = Debug|Any CPU
		{C5EBB2F3-B371-49B8-9EA6-5BA58F37FA43}.Debug|x86.ActiveCfg = Debug|Any CPU
		{C5EBB2F3-B371-49B8-9EA6-5BA58F37FA43}.Debug|x86.Build.0 = Debug|Any CPU
		{C5EBB2F3-B371-49B8-9EA6-5BA58F37FA43}.Release|Any CPU.ActiveCfg = Release|Any CPU
		{C5EBB2F3-B371-49B8-9EA6-5BA58F37FA43}.Release|Any CPU.Build.0 = Release|Any CPU
		{C5EBB2F3-B371-49B8-9EA6-5BA58F37FA43}.Release|x64.ActiveCfg = Release|Any CPU
		{C5EBB2F3-B371-49B8-9EA6-5BA58F37FA43}.Release|x64.Build.0 = Release|Any CPU
		{C5EBB2F3-B371-49B8-9EA6-5BA58F37FA43}.Release|x86.ActiveCfg = Release|Any CPU
		{C5EBB2F3-B371-49B8-9EA6-5BA58F37FA43}.Release|x86.Build.0 = Release|Any CPU
		{995017A0-4EFF-4D42-B9E0-F2B69DA3830D}.Debug|Any CPU.ActiveCfg = Debug|Any CPU
		{995017A0-4EFF-4D42-B9E0-F2B69DA3830D}.Debug|Any CPU.Build.0 = Debug|Any CPU
		{995017A0-4EFF-4D42-B9E0-F2B69DA3830D}.Debug|x64.ActiveCfg = Debug|Any CPU
		{995017A0-4EFF-4D42-B9E0-F2B69DA3830D}.Debug|x64.Build.0 = Debug|Any CPU
		{995017A0-4EFF-4D42-B9E0-F2B69DA3830D}.Debug|x86.ActiveCfg = Debug|Any CPU
		{995017A0-4EFF-4D42-B9E0-F2B69DA3830D}.Debug|x86.Build.0 = Debug|Any CPU
		{995017A0-4EFF-4D42-B9E0-F2B69DA3830D}.Release|Any CPU.ActiveCfg = Release|Any CPU
		{995017A0-4EFF-4D42-B9E0-F2B69DA3830D}.Release|Any CPU.Build.0 = Release|Any CPU
		{995017A0-4EFF-4D42-B9E0-F2B69DA3830D}.Release|x64.ActiveCfg = Release|Any CPU
		{995017A0-4EFF-4D42-B9E0-F2B69DA3830D}.Release|x64.Build.0 = Release|Any CPU
		{995017A0-4EFF-4D42-B9E0-F2B69DA3830D}.Release|x86.ActiveCfg = Release|Any CPU
		{995017A0-4EFF-4D42-B9E0-F2B69DA3830D}.Release|x86.Build.0 = Release|Any CPU
		{4D70049D-714C-4C1B-8342-C3A6A401F360}.Debug|Any CPU.ActiveCfg = Debug|Any CPU
		{4D70049D-714C-4C1B-8342-C3A6A401F360}.Debug|Any CPU.Build.0 = Debug|Any CPU
		{4D70049D-714C-4C1B-8342-C3A6A401F360}.Debug|x64.ActiveCfg = Debug|Any CPU
		{4D70049D-714C-4C1B-8342-C3A6A401F360}.Debug|x64.Build.0 = Debug|Any CPU
		{4D70049D-714C-4C1B-8342-C3A6A401F360}.Debug|x86.ActiveCfg = Debug|Any CPU
		{4D70049D-714C-4C1B-8342-C3A6A401F360}.Debug|x86.Build.0 = Debug|Any CPU
		{4D70049D-714C-4C1B-8342-C3A6A401F360}.Release|Any CPU.ActiveCfg = Release|Any CPU
		{4D70049D-714C-4C1B-8342-C3A6A401F360}.Release|Any CPU.Build.0 = Release|Any CPU
		{4D70049D-714C-4C1B-8342-C3A6A401F360}.Release|x64.ActiveCfg = Release|Any CPU
		{4D70049D-714C-4C1B-8342-C3A6A401F360}.Release|x64.Build.0 = Release|Any CPU
		{4D70049D-714C-4C1B-8342-C3A6A401F360}.Release|x86.ActiveCfg = Release|Any CPU
		{4D70049D-714C-4C1B-8342-C3A6A401F360}.Release|x86.Build.0 = Release|Any CPU
		{12159D0B-C158-411E-9851-0A6D883C41C3}.Debug|Any CPU.ActiveCfg = Debug|Any CPU
		{12159D0B-C158-411E-9851-0A6D883C41C3}.Debug|Any CPU.Build.0 = Debug|Any CPU
		{12159D0B-C158-411E-9851-0A6D883C41C3}.Debug|x64.ActiveCfg = Debug|Any CPU
		{12159D0B-C158-411E-9851-0A6D883C41C3}.Debug|x64.Build.0 = Debug|Any CPU
		{12159D0B-C158-411E-9851-0A6D883C41C3}.Debug|x86.ActiveCfg = Debug|Any CPU
		{12159D0B-C158-411E-9851-0A6D883C41C3}.Debug|x86.Build.0 = Debug|Any CPU
		{12159D0B-C158-411E-9851-0A6D883C41C3}.Release|Any CPU.ActiveCfg = Release|Any CPU
		{12159D0B-C158-411E-9851-0A6D883C41C3}.Release|Any CPU.Build.0 = Release|Any CPU
		{12159D0B-C158-411E-9851-0A6D883C41C3}.Release|x64.ActiveCfg = Release|Any CPU
		{12159D0B-C158-411E-9851-0A6D883C41C3}.Release|x64.Build.0 = Release|Any CPU
		{12159D0B-C158-411E-9851-0A6D883C41C3}.Release|x86.ActiveCfg = Release|Any CPU
		{12159D0B-C158-411E-9851-0A6D883C41C3}.Release|x86.Build.0 = Release|Any CPU
		{D0AC8B6C-B882-43C2-83DA-D723A3921C56}.Debug|Any CPU.ActiveCfg = Debug|Any CPU
		{D0AC8B6C-B882-43C2-83DA-D723A3921C56}.Debug|Any CPU.Build.0 = Debug|Any CPU
		{D0AC8B6C-B882-43C2-83DA-D723A3921C56}.Debug|x64.ActiveCfg = Debug|Any CPU
		{D0AC8B6C-B882-43C2-83DA-D723A3921C56}.Debug|x64.Build.0 = Debug|Any CPU
		{D0AC8B6C-B882-43C2-83DA-D723A3921C56}.Debug|x86.ActiveCfg = Debug|Any CPU
		{D0AC8B6C-B882-43C2-83DA-D723A3921C56}.Debug|x86.Build.0 = Debug|Any CPU
		{D0AC8B6C-B882-43C2-83DA-D723A3921C56}.Release|Any CPU.ActiveCfg = Release|Any CPU
		{D0AC8B6C-B882-43C2-83DA-D723A3921C56}.Release|Any CPU.Build.0 = Release|Any CPU
		{D0AC8B6C-B882-43C2-83DA-D723A3921C56}.Release|x64.ActiveCfg = Release|Any CPU
		{D0AC8B6C-B882-43C2-83DA-D723A3921C56}.Release|x64.Build.0 = Release|Any CPU
		{D0AC8B6C-B882-43C2-83DA-D723A3921C56}.Release|x86.ActiveCfg = Release|Any CPU
		{D0AC8B6C-B882-43C2-83DA-D723A3921C56}.Release|x86.Build.0 = Release|Any CPU
		{C532ABB7-DB67-4BB8-9D86-BB580207F8B0}.Debug|Any CPU.ActiveCfg = Debug|Any CPU
		{C532ABB7-DB67-4BB8-9D86-BB580207F8B0}.Debug|Any CPU.Build.0 = Debug|Any CPU
		{C532ABB7-DB67-4BB8-9D86-BB580207F8B0}.Debug|x64.ActiveCfg = Debug|Any CPU
		{C532ABB7-DB67-4BB8-9D86-BB580207F8B0}.Debug|x64.Build.0 = Debug|Any CPU
		{C532ABB7-DB67-4BB8-9D86-BB580207F8B0}.Debug|x86.ActiveCfg = Debug|Any CPU
		{C532ABB7-DB67-4BB8-9D86-BB580207F8B0}.Debug|x86.Build.0 = Debug|Any CPU
		{C532ABB7-DB67-4BB8-9D86-BB580207F8B0}.Release|Any CPU.ActiveCfg = Release|Any CPU
		{C532ABB7-DB67-4BB8-9D86-BB580207F8B0}.Release|Any CPU.Build.0 = Release|Any CPU
		{C532ABB7-DB67-4BB8-9D86-BB580207F8B0}.Release|x64.ActiveCfg = Release|Any CPU
		{C532ABB7-DB67-4BB8-9D86-BB580207F8B0}.Release|x64.Build.0 = Release|Any CPU
		{C532ABB7-DB67-4BB8-9D86-BB580207F8B0}.Release|x86.ActiveCfg = Release|Any CPU
		{C532ABB7-DB67-4BB8-9D86-BB580207F8B0}.Release|x86.Build.0 = Release|Any CPU
	EndGlobalSection
	GlobalSection(SolutionProperties) = preSolution
		HideSolutionNode = FALSE
	EndGlobalSection
	GlobalSection(NestedProjects) = preSolution
		{2658CBF2-9311-4CEA-8493-DA83141F611A} = {827E0CD3-B72D-47B6-A68D-7590B98EB39B}
		{C5EBB2F3-B371-49B8-9EA6-5BA58F37FA43} = {827E0CD3-B72D-47B6-A68D-7590B98EB39B}
		{995017A0-4EFF-4D42-B9E0-F2B69DA3830D} = {827E0CD3-B72D-47B6-A68D-7590B98EB39B}
		{4D70049D-714C-4C1B-8342-C3A6A401F360} = {827E0CD3-B72D-47B6-A68D-7590B98EB39B}
		{12159D0B-C158-411E-9851-0A6D883C41C3} = {0AB3BF05-4346-4AA6-1389-037BE0695223}
		{D0AC8B6C-B882-43C2-83DA-D723A3921C56} = {07C2787E-EAC7-C090-1BA3-A61EC2A24D84}
		{C532ABB7-DB67-4BB8-9D86-BB580207F8B0} = {827E0CD3-B72D-47B6-A68D-7590B98EB39B}
	EndGlobalSection
EndGlobal
